
Microsoft Visual Studio Solution File, Format Version 12.00
# Visual Studio Version 17
VisualStudioVersion = 17.5.001.0
MinimumVisualStudioVersion = 10.0.40219.1
Project("{9A19103F-16F7-4668-BE54-9A1E7A4F7556}") = "CorpusExplorer.Tool4.WebConvert", "CorpusExplorer.Tool4.WebConvert.csproj", "{974D762E-A0B8-4AE0-8F6C-3552C1BDFCD0}"
EndProject
Global
	GlobalSection(SolutionConfigurationPlatforms) = preSolution
		Debug|Any CPU = Debug|Any CPU
		Release|Any CPU = Release|Any CPU
	EndGlobalSection
	GlobalSection(ProjectConfigurationPlatforms) = postSolution
		{974D762E-A0B8-4AE0-8F6C-3552C1BDFCD0}.Debug|Any CPU.ActiveCfg = Debug|Any CPU
		{974D762E-A0B8-4AE0-8F6C-3552C1BDFCD0}.Debug|Any CPU.Build.0 = Debug|Any CPU
		{974D762E-A0B8-4AE0-8F6C-3552C1BDFCD0}.Release|Any CPU.ActiveCfg = Release|Any CPU
		{974D762E-A0B8-4AE0-8F6C-3552C1BDFCD0}.Release|Any CPU.Build.0 = Release|Any CPU
	EndGlobalSection
	GlobalSection(SolutionProperties) = preSolution
		HideSolutionNode = FALSE
	EndGlobalSection
	GlobalSection(ExtensibilityGlobals) = postSolution
		SolutionGuid = {4AA0C2A8-D635-4501-9D58-68CDE22202E1}
	EndGlobalSection
EndGlobal
